<?xml version="1.0" encoding="utf-8"?>
<Project ToolsVersion="4.0" xmlns="http://schemas.microsoft.com/developer/msbuild/2003">
  <ItemGroup>
    <ClCompile Include="Mainer.cpp" />
    <ClCompile Include="MeGlWindow.cpp" />
    <ClCompile Include="Camera.cpp" />
    <ClCompile Include="Material.cpp" />
    <ClCompile Include="Object.cpp" />
    <ClCompile Include="Pass.cpp" />
    <ClCompile Include="Renderer.cpp" />
    <ClCompile Include="ShaderCompiler.cpp" />
  </ItemGroup>
  <ItemGroup>
    <ClInclude Include="MeGlWindow.h" />
    <ClInclude Include="cyCore.h" />
    <ClInclude Include="cyPoint.h" />
    <ClInclude Include="cyTriMesh.h" />
    <ClInclude Include="Camera.h" />
    <ClInclude Include="Material.h" />
    <ClInclude Include="Mesh.h" />
    <ClInclude Include="Object.h" />
    <ClInclude Include="Pass.h" />
    <ClInclude Include="Renderer.h" />
    <ClInclude Include="Transform.h" />
    <ClInclude Include="ShaderCompiler.h" />
  </ItemGroup>
  <ItemGroup>
    <None Include="DefaultVertexShader.glsl" />
    <None Include="DefaultFragmentShader.glsl" />
  </ItemGroup>
</Project>